Microsoft Visual Studio Solution File, Format Version 12.00
# Visual Studio Version 17
VisualStudioVersion = 17.0.31611.283
MinimumVisualStudioVersion = 10.0.40219.1
Project("{9A19103F-16F7-4668-BE54-9A1E7A4F7556}") = "BlazorServerApp", "BlazorServerApp\BlazorServerApp.csproj", "{7AC3728F-E5F5-4F39-9283-22E26767C693}"
EndProject
Project("{9A19103F-16F7-4668-BE54-9A1E7A4F7556}") = "RazorClassLibrary1", "RazorClassLibrary1\RazorClassLibrary1.csproj", "{186E3064-77D1-4921-8E5C-4960344A4A09}"
EndProject
Project("{9A19103F-16F7-4668-BE54-9A1E7A4F7556}") = "BackendClassLibrary", "BackendClassLibrary\BackendClassLibrary.csproj", "{6BF22A87-DAD2-456E-BCF9-3E5757931108}"
EndProject
Project("{9A19103F-16F7-4668-BE54-9A1E7A4F7556}") = "ConersApp", "ConersApp\ConersApp.csproj", "{00A5E6BD-1083-40B0-B1ED-9E271443CA85}"
EndProject
Project("{9A19103F-16F7-4668-BE54-9A1E7A4F7556}") = "CornersBackendApi", "CornersBackendApi\CornersBackendApi.csproj", "{36E3498D-9ABC-4874-B38E-6130CC0E2A85}"
EndProject
Global
	GlobalSection(SolutionConfigurationPlatforms) = preSolution
		Debug|Any CPU = Debug|Any CPU
		Release|Any CPU = Release|Any CPU
	EndGlobalSection
	GlobalSection(ProjectConfigurationPlatforms) = postSolution
		{7AC3728F-E5F5-4F39-9283-22E26767C693}.Debug|Any CPU.ActiveCfg = Debug|Any CPU
		{7AC3728F-E5F5-4F39-9283-22E26767C693}.Debug|Any CPU.Build.0 = Debug|Any CPU
		{7AC3728F-E5F5-4F39-9283-22E26767C693}.Release|Any CPU.ActiveCfg = Release|Any CPU
		{7AC3728F-E5F5-4F39-9283-22E26767C693}.Release|Any CPU.Build.0 = Release|Any CPU
		{186E3064-77D1-4921-8E5C-4960344A4A09}.Debug|Any CPU.ActiveCfg = Debug|Any CPU
		{186E3064-77D1-4921-8E5C-4960344A4A09}.Debug|Any CPU.Build.0 = Debug|Any CPU
		{186E3064-77D1-4921-8E5C-4960344A4A09}.Release|Any CPU.ActiveCfg = Release|Any CPU
		{186E3064-77D1-4921-8E5C-4960344A4A09}.Release|Any CPU.Build.0 = Release|Any CPU
		{6BF22A87-DAD2-456E-BCF9-3E5757931108}.Debug|Any CPU.ActiveCfg = Debug|Any CPU
		{6BF22A87-DAD2-456E-BCF9-3E5757931108}.Debug|Any CPU.Build.0 = Debug|Any CPU
		{6BF22A87-DAD2-456E-BCF9-3E5757931108}.Release|Any CPU.ActiveCfg = Release|Any CPU
		{6BF22A87-DAD2-456E-BCF9-3E5757931108}.Release|Any CPU.Build.0 = Release|Any CPU
		{00A5E6BD-1083-40B0-B1ED-9E271443CA85}.Debug|Any CPU.ActiveCfg = Debug|Any CPU
		{00A5E6BD-1083-40B0-B1ED-9E271443CA85}.Debug|Any CPU.Build.0 = Debug|Any CPU
		{00A5E6BD-1083-40B0-B1ED-9E271443CA85}.Debug|Any CPU.Deploy.0 = Debug|Any CPU
		{00A5E6BD-1083-40B0-B1ED-9E271443CA85}.Release|Any CPU.ActiveCfg = Release|Any CPU
		{00A5E6BD-1083-40B0-B1ED-9E271443CA85}.Release|Any CPU.Build.0 = Release|Any CPU
		{00A5E6BD-1083-40B0-B1ED-9E271443CA85}.Release|Any CPU.Deploy.0 = Release|Any CPU
		{36E3498D-9ABC-4874-B38E-6130CC0E2A85}.Debug|Any CPU.ActiveCfg = Debug|Any CPU
		{36E3498D-9ABC-4874-B38E-6130CC0E2A85}.Debug|Any CPU.Build.0 = Debug|Any CPU
		{36E3498D-9ABC-4874-B38E-6130CC0E2A85}.Release|Any CPU.ActiveCfg = Release|Any CPU
		{36E3498D-9ABC-4874-B38E-6130CC0E2A85}.Release|Any CPU.Build.0 = Release|Any CPU
	EndGlobalSection
	GlobalSection(SolutionProperties) = preSolution
		HideSolutionNode = FALSE
	EndGlobalSection
	GlobalSection(ExtensibilityGlobals) = postSolution
		SolutionGuid = {61F7FB11-1E47-470C-91E2-47F8143E1572}
	EndGlobalSection
EndGlobal
